
Microsoft Visual Studio Solution File, Format Version 12.00
# Visual Studio Version 17
VisualStudioVersion = 17.13.35828.75 d17.13
MinimumVisualStudioVersion = 10.0.40219.1
Project("{FAE04EC0-301F-11D3-BF4B-00C04F79EFBC}") = "Jogo-da-Forca.ConsoleApp", "Jogo-da-Forca.ConsoleApp\Jogo-da-Forca.ConsoleApp.csproj", "{1124FA93-AB60-4F7A-BDAB-A1BBA35904CF}"
EndProject
Global
	GlobalSection(SolutionConfigurationPlatforms) = preSolution
		Debug|Any CPU = Debug|Any CPU
		Release|Any CPU = Release|Any CPU
	EndGlobalSection
	GlobalSection(ProjectConfigurationPlatforms) = postSolution
		{1124FA93-AB60-4F7A-BDAB-A1BBA35904CF}.Debug|Any CPU.ActiveCfg = Debug|Any CPU
		{1124FA93-AB60-4F7A-BDAB-A1BBA35904CF}.Debug|Any CPU.Build.0 = Debug|Any CPU
		{1124FA93-AB60-4F7A-BDAB-A1BBA35904CF}.Release|Any CPU.ActiveCfg = Release|Any CPU
		{1124FA93-AB60-4F7A-BDAB-A1BBA35904CF}.Release|Any CPU.Build.0 = Release|Any CPU
	EndGlobalSection
	GlobalSection(SolutionProperties) = preSolution
		HideSolutionNode = FALSE
	EndGlobalSection
	GlobalSection(ExtensibilityGlobals) = postSolution
		SolutionGuid = {F0B95521-5BDA-49FE-B829-9CBECF8F0E32}
	EndGlobalSection
EndGlobal
